
Microsoft Visual Studio Solution File, Format Version 12.00
# Visual Studio Version 17
VisualStudioVersion = 17.1.32421.90
MinimumVisualStudioVersion = 10.0.40219.1
Project("{9A19103F-16F7-4668-BE54-9A1E7A4F7556}") = "RummikubSolver", "RummikubSolver\RummikubSolver.csproj", "{1EF777B0-89D1-494C-9E63-8BF1F7BB0128}"
EndProject
Project("{9A19103F-16F7-4668-BE54-9A1E7A4F7556}") = "SolverLogic", "SolverLogic\SolverLogic.csproj", "{C4AE61B4-21B9-422B-9097-5BF537A9D926}"
EndProject
Project("{9A19103F-16F7-4668-BE54-9A1E7A4F7556}") = "UnitTests", "UnitTests\UnitTests.csproj", "{D069D96F-8A34-4929-B7BE-78DE0B4BF898}"
EndProject
Project("{9A19103F-16F7-4668-BE54-9A1E7A4F7556}") = "SharedModels", "SharedModels\SharedModels.csproj", "{FC030741-647D-4BDF-8671-D6A2B0A0D5F6}"
EndProject
Project("{FAE04EC0-301F-11D3-BF4B-00C04F79EFBC}") = "RunsRainbowTableGenerator", "RunsRainbowTableGenerator\RunsRainbowTableGenerator.csproj", "{2611997C-BE6F-487A-808B-088EDF2D1C87}"
EndProject
Global
	GlobalSection(SolutionConfigurationPlatforms) = preSolution
		Debug|Any CPU = Debug|Any CPU
		Release|Any CPU = Release|Any CPU
	EndGlobalSection
	GlobalSection(ProjectConfigurationPlatforms) = postSolution
		{1EF777B0-89D1-494C-9E63-8BF1F7BB0128}.Debug|Any CPU.ActiveCfg = Debug|Any CPU
		{1EF777B0-89D1-494C-9E63-8BF1F7BB0128}.Debug|Any CPU.Build.0 = Debug|Any CPU
		{1EF777B0-89D1-494C-9E63-8BF1F7BB0128}.Release|Any CPU.ActiveCfg = Release|Any CPU
		{1EF777B0-89D1-494C-9E63-8BF1F7BB0128}.Release|Any CPU.Build.0 = Release|Any CPU
		{C4AE61B4-21B9-422B-9097-5BF537A9D926}.Debug|Any CPU.ActiveCfg = Debug|Any CPU
		{C4AE61B4-21B9-422B-9097-5BF537A9D926}.Debug|Any CPU.Build.0 = Debug|Any CPU
		{C4AE61B4-21B9-422B-9097-5BF537A9D926}.Release|Any CPU.ActiveCfg = Release|Any CPU
		{C4AE61B4-21B9-422B-9097-5BF537A9D926}.Release|Any CPU.Build.0 = Release|Any CPU
		{D069D96F-8A34-4929-B7BE-78DE0B4BF898}.Debug|Any CPU.ActiveCfg = Debug|Any CPU
		{D069D96F-8A34-4929-B7BE-78DE0B4BF898}.Debug|Any CPU.Build.0 = Debug|Any CPU
		{D069D96F-8A34-4929-B7BE-78DE0B4BF898}.Release|Any CPU.ActiveCfg = Release|Any CPU
		{D069D96F-8A34-4929-B7BE-78DE0B4BF898}.Release|Any CPU.Build.0 = Release|Any CPU
		{FC030741-647D-4BDF-8671-D6A2B0A0D5F6}.Debug|Any CPU.ActiveCfg = Debug|Any CPU
		{FC030741-647D-4BDF-8671-D6A2B0A0D5F6}.Debug|Any CPU.Build.0 = Debug|Any CPU
		{FC030741-647D-4BDF-8671-D6A2B0A0D5F6}.Release|Any CPU.ActiveCfg = Release|Any CPU
		{FC030741-647D-4BDF-8671-D6A2B0A0D5F6}.Release|Any CPU.Build.0 = Release|Any CPU
		{2611997C-BE6F-487A-808B-088EDF2D1C87}.Debug|Any CPU.ActiveCfg = Debug|Any CPU
		{2611997C-BE6F-487A-808B-088EDF2D1C87}.Debug|Any CPU.Build.0 = Debug|Any CPU
		{2611997C-BE6F-487A-808B-088EDF2D1C87}.Release|Any CPU.ActiveCfg = Release|Any CPU
		{2611997C-BE6F-487A-808B-088EDF2D1C87}.Release|Any CPU.Build.0 = Release|Any CPU
	EndGlobalSection
	GlobalSection(SolutionProperties) = preSolution
		HideSolutionNode = FALSE
	EndGlobalSection
	GlobalSection(ExtensibilityGlobals) = postSolution
		SolutionGuid = {BF8D8786-8843-44F6-B2F4-BCBCAD612D56}
	EndGlobalSection
EndGlobal
